// !$*UTF8*$!
{
	archiveVersion = 1;
	classes = {
	};
	objectVersion = 46;
	objects = {

/* Begin PBXBuildFile section */
		61A5C3451CEB023C005C4CCB /* AppDelegate.swift in Sources */ = {isa = PBXBuildFile; fileRef = 61A5C3441CEB023C005C4CCB /* AppDelegate.swift */; };
		61A5C3471CEB023C005C4CCB /* ViewController.swift in Sources */ = {isa = PBXBuildFile; fileRef = 61A5C3461CEB023C005C4CCB /* ViewController.swift */; };
		61A5C34A1CEB023C005C4CCB /* Main.storyboard in Resources */ = {isa = PBXBuildFile; fileRef = 61A5C3481CEB023C005C4CCB /* Main.storyboard */; };
		61A5C34C1CEB023C005C4CCB /* Assets.xcassets in Resources */ = {isa = PBXBuildFile; fileRef = 61A5C34B1CEB023C005C4CCB /* Assets.xcassets */; };
		61A5C34F1CEB023C005C4CCB /* LaunchScreen.storyboard in Resources */ = {isa = PBXBuildFile; fileRef = 61A5C34D1CEB023C005C4CCB /* LaunchScreen.storyboard */; };
/* End PBXBuildFile section */

/* Begin PBXFileReference section */
		61A5C3411CEB023C005C4CCB /* githubcs.app */ = {isa = PBXFileReference; explicitFileType = wrapper.application; includeInIndex = 0; path = githubcs.app; sourceTree = BUILT_PRODUCTS_DIR; };
		61A5C3441CEB023C005C4CCB /* AppDelegate.swift */ = {isa = PBXFileReference; lastKnownFileType = sourcecode.swift; path = AppDelegate.swift; sourceTree = "<group>"; };
		61A5C3461CEB023C005C4CCB /* ViewController.swift */ = {isa = PBXFileReference; lastKnownFileType = sourcecode.swift; path = ViewController.swift; sourceTree = "<group>"; };
		61A5C3491CEB023C005C4CCB /* Base */ = {isa = PBXFileReference; lastKnownFileType = file.storyboard; name = Base; path = Base.lproj/Main.storyboard; sourceTree = "<group>"; };
		61A5C34B1CEB023C005C4CCB /* Assets.xcassets */ = {isa = PBXFileReference; lastKnownFileType = folder.assetcatalog; path = Assets.xcassets; sourceTree = "<group>"; };
		61A5C34E1CEB023C005C4CCB /* Base */ = {isa = PBXFileReference; lastKnownFileType = file.storyboard; name = Base; path = Base.lproj/LaunchScreen.storyboard; sourceTree = "<group>"; };
		61A5C3501CEB023C005C4CCB /* Info.plist */ = {isa = PBXFileReference; lastKnownFileType = text.plist.xml; path = Info.plist; sourceTree = "<group>"; };
/* End PBXFileReference section */

/* Begin PBXFrameworksBuildPhase section */
		61A5C33E1CEB023C005C4CCB /* Frameworks */ = {
			isa = PBXFrameworksBuildPhase;
			buildActionMask = 2147483647;
			files = (
			);
			runOnlyForDeploymentPostprocessing = 0;
		};
/* End PBXFrameworksBuildPhase section */

/* Begin PBXGroup section */
		61A5C3381CEB023C005C4CCB = {
			isa = PBXGroup;
			children = (
				61A5C3431CEB023C005C4CCB /* githubcs */,
				61A5C3421CEB023C005C4CCB /* Products */,
			);
			sourceTree = "<group>";
		};
		61A5C3421CEB023C005C4CCB /* Products */ = {
			isa = PBXGroup;
			children = (
				61A5C3411CEB023C005C4CCB /* githubcs.app */,
			);
			name = Products;
			sourceTree = "<group>";
		};
		61A5C3431CEB023C005C4CCB /* githubcs */ = {
			isa = PBXGroup;
			children = (
				61A5C3441CEB023C005C4CCB /* AppDelegate.swift */,
				61A5C3461CEB023C005C4CCB /* ViewController.swift */,
				61A5C3481CEB023C005C4CCB /* Main.storyboard */,
				61A5C34B1CEB023C005C4CCB /* Assets.xcassets */,
				61A5C34D1CEB023C005C4CCB /* LaunchScreen.storyboard */,
				61A5C3501CEB023C005C4CCB /* Info.plist */,
			);
			path = githubcs;
			sourceTree = "<group>";
		};
/* End PBXGroup section */

/* Begin PBXNativeTarget section */
		61A5C3401CEB023C005C4CCB /* githubcs */ = {
			isa = PBXNativeTarget;
			buildConfigurationList = 61A5C3531CEB023C005C4CCB /* Build configuration list for PBXNativeTarget "githubcs" */;
			buildPhases = (
				61A5C33D1CEB023C005C4CCB /* Sources */,
				61A5C33E1CEB023C005C4CCB /* Frameworks */,
				61A5C33F1CEB023C005C4CCB /* Resources */,
			);
			buildRules = (
			);
			dependencies = (
			);
			name = githubcs;
			productName = githubcs;
			productReference = 61A5C3411CEB023C005C4CCB /* githubcs.app */;
			productType = "com.apple.product-type.application";
		};
/* End PBXNativeTarget section */

/* Begin PBXProject section */
		61A5C3391CEB023C005C4CCB /* Project object */ = {
			isa = PBXProject;
			attributes = {
				LastSwiftUpdateCheck = 0730;
				LastUpgradeCheck = 0730;
				ORGANIZATIONNAME = "许书浩";
				TargetAttributes = {
					61A5C3401CEB023C005C4CCB = {
						CreatedOnToolsVersion = 7.3.1;
					};
				};
			};
			buildConfigurationList = 61A5C33C1CEB023C005C4CCB /* Build configuration list for PBXProject "githubcs" */;
			compatibilityVersion = "Xcode 3.2";
			developmentRegion = English;
			hasScannedForEncodings = 0;
			knownRegions = (
				en,
				Base,
			);
			mainGroup = 61A5C3381CEB023C005C4CCB;
			productRefGroup = 61A5C3421CEB023C005C4CCB /* Products */;
			projectDirPath = "";
			projectRoot = "";
			targets = (
				61A5C3401CEB023C005C4CCB /* githubcs */,
			);
		};
/* End PBXProject section */

/* Begin PBXResourcesBuildPhase section */
		61A5C33F1CEB023C005C4CCB /* Resources */ = {
			isa = PBXResourcesBuildPhase;
			buildActionMask = 2147483647;
			files = (
				61A5C34F1CEB023C005C4CCB /* LaunchScreen.storyboard in Resources */,
				61A5C34C1CEB023C005C4CCB /* Assets.xcassets in Resources */,
				61A5C34A1CEB023C005C4CCB /* Main.storyboard in Resources */,
			);
			runOnlyForDeploymentPostprocessing = 0;
		};
/* End PBXResourcesBuildPhase section */

/* Begin PBXSourcesBuildPhase section */
		61A5C33D1CEB023C005C4CCB /* Sources */ = {
			isa = PBXSourcesBuildPhase;
			buildActionMask = 2147483647;
			files = (
				61A5C3471CEB023C005C4CCB /* ViewController.swift in Sources */,
				61A5C3451CEB023C005C4CCB /* AppDelegate.swift in Sources */,
			);
			runOnlyForDeploymentPostprocessing = 0;
		};
/* End PBXSourcesBuildPhase section */

/* Begin PBXVariantGroup section */
		61A5C3481CEB023C005C4CCB /* Main.storyboard */ = {
			isa = PBXVariantGroup;
			children = (
				61A5C3491CEB023C005C4CCB /* Base */,
			);
			name = Main.storyboard;
			sourceTree = "<group>";
		};
		61A5C34D1CEB023C005C4CCB /* LaunchScreen.storyboard */ = {
			isa = PBXVariantGroup;
			children = (
				61A5C34E1CEB023C005C4CCB /* Base */,
			);
			name = LaunchScreen.storyboard;
			sourceTree = "<group>";
		};
/* End PBXVariantGroup section */

/* Begin XCBuildConfiguration section */
		61A5C3511CEB023C005C4CCB /* Debug */ = {
			isa = XCBuildConfiguration;
			buildSettings = {
				ALWAYS_SEARCH_USER_PATHS = NO;
				CLANG_ANALYZER_NONNULL = YES;
				CLANG_CXX_LANGUAGE_STANDARD = "gnu++0x";
				CLANG_CXX_LIBRARY = "libc++";
				CLANG_ENABLE_MODULES = YES;
				CLANG_ENABLE_OBJC_ARC = YES;
				CLANG_WARN_BOOL_CONVERSION = YES;
				CLANG_WARN_CONSTANT_CONVERSION = YES;
				CLANG_WARN_DIRECT_OBJC_ISA_USAGE = YES_ERROR;
				CLANG_WARN_EMPTY_BODY = YES;
				CLANG_WARN_ENUM_CONVERSION = YES;
				CLANG_WARN_INT_CONVERSION = YES;
				CLANG_WARN_OBJC_ROOT_CLASS = YES_ERROR;
				CLANG_WARN_UNREACHABLE_CODE = YES;
				CLANG_WARN__DUPLICATE_METHOD_MATCH = YES;
				"CODE_SIGN_IDENTITY[sdk=iphoneos*]" = "iPhone Developer";
				COPY_PHASE_STRIP = NO;
				DEBUG_INFORMATION_FORMAT = dwarf;
				ENABLE_STRICT_OBJC_MSGSEND = YES;
				ENABLE_TESTABILITY = YES;
				GCC_C_LANGUAGE_STANDARD = gnu99;
				GCC_DYNAMIC_NO_PIC = NO;
				GCC_NO_COMMON_BLOCKS = YES;
				GCC_OPTIMIZATION_LEVEL = 0;
				GCC_PREPROCESSOR_DEFINITIONS = (
					"DEBUG=1",
					"$(inherited)",
				);
				GCC_WARN_64_TO_32_BIT_CONVERSION = YES;
				GCC_WARN_ABOUT_RETURN_TYPE = YES_ERROR;
				GCC_WARN_UNDECLARED_SELECTOR = YES;
				GCC_WARN_UNINITIALIZED_AUTOS = YES_AGGRESSIVE;
				GCC_WARN_UNUSED_FUNCTION = YES;
				GCC_WARN_UNUSED_VARIABLE = YES;
				IPHONEOS_DEPLOYMENT_TARGET = 9.3;
				MTL_ENABLE_DEBUG_INFO = YES;
				ONLY_ACTIVE_ARCH = YES;
				SDKROOT = iphoneos;
				SWIFT_OPTIMIZATION_LEVEL = "-Onone";
			};
			name = Debug;
		};
		61A5C3521CEB023C005C4CCB /* Release */ = {
			isa = XCBuildConfiguration;
			buildSettings = {
				ALWAYS_SEARCH_USER_PATHS = NO;
				CLANG_ANALYZER_NONNULL = YES;
				CLANG_CXX_LANGUAGE_STANDARD = "gnu++0x";
				CLANG_CXX_LIBRARY = "libc++";
				CLANG_ENABLE_MODULES = YES;
				CLANG_ENABLE_OBJC_ARC = YES;
				CLANG_WARN_BOOL_CONVERSION = YES;
				CLANG_WARN_CONSTANT_CONVERSION = YES;
				CLANG_WARN_DIRECT_OBJC_ISA_USAGE = YES_ERROR;
				CLANG_WARN_EMPTY_BODY = YES;
				CLANG_WARN_ENUM_CONVERSION = YES;
				CLANG_WARN_INT_CONVERSION = YES;
				CLANG_WARN_OBJC_ROOT_CLASS = YES_ERROR;
				CLANG_WARN_UNREACHABLE_CODE = YES;
				CLANG_WARN__DUPLICATE_METHOD_MATCH = YES;
				"CODE_SIGN_IDENTITY[sdk=iphoneos*]" = "iPhone Developer";
				COPY_PHASE_STRIP = NO;
				DEBUG_INFORMATION_FORMAT = "dwarf-with-dsym";
				ENABLE_NS_ASSERTIONS = NO;
				ENABLE_STRICT_OBJC_MSGSEND = YES;
				GCC_C_LANGUAGE_STANDARD = gnu99;
				GCC_NO_COMMON_BLOCKS = YES;
				GCC_WARN_64_TO_32_BIT_CONVERSION = YES;
				GCC_WARN_ABOUT_RETURN_TYPE = YES_ERROR;
				GCC_WARN_UNDECLARED_SELECTOR = YES;
				GCC_WARN_UNINITIALIZED_AUTOS = YES_AGGRESSIVE;
				GCC_WARN_UNUSED_FUNCTION = YES;
				GCC_WARN_UNUSED_VARIABLE = YES;
				IPHONEOS_DEPLOYMENT_TARGET = 9.3;
				MTL_ENABLE_DEBUG_INFO = NO;
				SDKROOT = iphoneos;
				VALIDATE_PRODUCT = YES;
			};
			name = Release;
		};
		61A5C3541CEB023C005C4CCB /* Debug */ = {
			isa = XCBuildConfiguration;
			buildSettings = {
				ASSETCATALOG_COMPILER_APPICON_NAME = AppIcon;
				INFOPLIST_FILE = githubcs/Info.plist;
				LD_RUNPATH_SEARCH_PATHS = "$(inherited) @executable_path/Frameworks";
				PRODUCT_BUNDLE_IDENTIFIER = com.xushuhao.githubcs;
				PRODUCT_NAME = "$(TARGET_NAME)";
			};
			name = Debug;
		};
		61A5C3551CEB023C005C4CCB /* Release */ = {
			isa = XCBuildConfiguration;
			buildSettings = {
				ASSETCATALOG_COMPILER_APPICON_NAME = AppIcon;
				INFOPLIST_FILE = githubcs/Info.plist;
				LD_RUNPATH_SEARCH_PATHS = "$(inherited) @executable_path/Frameworks";
				PRODUCT_BUNDLE_IDENTIFIER = com.xushuhao.githubcs;
				PRODUCT_NAME = "$(TARGET_NAME)";
			};
			name = Release;
		};
/* End XCBuildConfiguration section */

/* Begin XCConfigurationList section */
		61A5C33C1CEB023C005C4CCB /* Build configuration list for PBXProject "githubcs" */ = {
			isa = XCConfigurationList;
			buildConfigurations = (
				61A5C3511CEB023C005C4CCB /* Debug */,
				61A5C3521CEB023C005C4CCB /* Release */,
			);
			defaultConfigurationIsVisible = 0;
			defaultConfigurationName = Release;
		};
		61A5C3531CEB023C005C4CCB /* Build configuration list for PBXNativeTarget "githubcs" */ = {
			isa = XCConfigurationList;
			buildConfigurations = (
				61A5C3541CEB023C005C4CCB /* Debug */,
				61A5C3551CEB023C005C4CCB /* Release */,
			);
			defaultConfigurationIsVisible = 0;
		};
/* End XCConfigurationList section */
	};
	rootObject = 61A5C3391CEB023C005C4CCB /* Project object */;
}
